
Microsoft Visual Studio Solution File, Format Version 12.00
# Visual Studio Version 16
VisualStudioVersion = 16.0.29503.13
MinimumVisualStudioVersion = 10.0.40219.1
Project("{FAE04EC0-301F-11D3-BF4B-00C04F79EFBC}") = "Cogworks.Configuration", "Cogworks.Configuration\Cogworks.Configuration.csproj", "{F7FA991F-1003-4991-AFD7-DD8892F856AE}"
EndProject
Global
	GlobalSection(SolutionConfigurationPlatforms) = preSolution
		Debug|Any CPU = Debug|Any CPU
		Release|Any CPU = Release|Any CPU
	EndGlobalSection
	GlobalSection(ProjectConfigurationPlatforms) = postSolution
		{F7FA991F-1003-4991-AFD7-DD8892F856AE}.Debug|Any CPU.ActiveCfg = Debug|Any CPU
		{F7FA991F-1003-4991-AFD7-DD8892F856AE}.Debug|Any CPU.Build.0 = Debug|Any CPU
		{F7FA991F-1003-4991-AFD7-DD8892F856AE}.Release|Any CPU.ActiveCfg = Release|Any CPU
		{F7FA991F-1003-4991-AFD7-DD8892F856AE}.Release|Any CPU.Build.0 = Release|Any CPU
	EndGlobalSection
	GlobalSection(SolutionProperties) = preSolution
		HideSolutionNode = FALSE
	EndGlobalSection
	GlobalSection(ExtensibilityGlobals) = postSolution
		SolutionGuid = {7600FE58-694F-40A7-B5EF-1AD8EA89F6C3}
	EndGlobalSection
EndGlobal
