
Microsoft Visual Studio Solution File, Format Version 12.00
# Visual Studio Version 16
VisualStudioVersion = 16.0.29503.13
MinimumVisualStudioVersion = 10.0.40219.1
Project("{FAE04EC0-301F-11D3-BF4B-00C04F79EFBC}") = "Cogworks.Configuration", "Cogworks.Configuration\Cogworks.Configuration.csproj", "{9EE4A2ED-F66F-4506-9B08-5FA8D5E21FE4}"
EndProject
Global
	GlobalSection(SolutionConfigurationPlatforms) = preSolution
		Debug|Any CPU = Debug|Any CPU
		Release|Any CPU = Release|Any CPU
	EndGlobalSection
	GlobalSection(ProjectConfigurationPlatforms) = postSolution
		{9EE4A2ED-F66F-4506-9B08-5FA8D5E21FE4}.Debug|Any CPU.ActiveCfg = Debug|Any CPU
		{9EE4A2ED-F66F-4506-9B08-5FA8D5E21FE4}.Debug|Any CPU.Build.0 = Debug|Any CPU
		{9EE4A2ED-F66F-4506-9B08-5FA8D5E21FE4}.Release|Any CPU.ActiveCfg = Release|Any CPU
		{9EE4A2ED-F66F-4506-9B08-5FA8D5E21FE4}.Release|Any CPU.Build.0 = Release|Any CPU
	EndGlobalSection
	GlobalSection(SolutionProperties) = preSolution
		HideSolutionNode = FALSE
	EndGlobalSection
	GlobalSection(ExtensibilityGlobals) = postSolution
		SolutionGuid = {7600FE58-694F-40A7-B5EF-1AD8EA89F6C3}
	EndGlobalSection
EndGlobal
